
Microsoft Visual Studio Solution File, Format Version 12.00
# Visual Studio 14
VisualStudioVersion = 14.0.25420.1
MinimumVisualStudioVersion = 10.0.40219.1
Project("{A07B5EB6-E848-4116-A8D0-A826331D98C6}") = "Voting", "Voting\Voting.sfproj", "{F164056C-78A3-470B-AD09-F4397B84228C}"
EndProject
Project("{8BB2217D-0F2D-49D1-97BC-3654ED321F3B}") = "VotingWeb", "VotingWeb\VotingWeb.xproj", "{14F82516-0090-4DB8-8656-0651CE7CCF39}"
EndProject
Project("{8BB2217D-0F2D-49D1-97BC-3654ED321F3B}") = "VotingData", "VotingData\VotingData.xproj", "{5A28D862-1D2D-4C65-AA46-96D81004383F}"
EndProject
Global
	GlobalSection(SolutionConfigurationPlatforms) = preSolution
		Debug|Any CPU = Debug|Any CPU
		Debug|x64 = Debug|x64
		Release|Any CPU = Release|Any CPU
		Release|x64 = Release|x64
	EndGlobalSection
	GlobalSection(ProjectConfigurationPlatforms) = postSolution
		{F164056C-78A3-470B-AD09-F4397B84228C}.Debug|Any CPU.ActiveCfg = Debug|x64
		{F164056C-78A3-470B-AD09-F4397B84228C}.Debug|x64.ActiveCfg = Debug|x64
		{F164056C-78A3-470B-AD09-F4397B84228C}.Debug|x64.Build.0 = Debug|x64
		{F164056C-78A3-470B-AD09-F4397B84228C}.Debug|x64.Deploy.0 = Debug|x64
		{F164056C-78A3-470B-AD09-F4397B84228C}.Release|Any CPU.ActiveCfg = Release|x64
		{F164056C-78A3-470B-AD09-F4397B84228C}.Release|x64.ActiveCfg = Release|x64
		{F164056C-78A3-470B-AD09-F4397B84228C}.Release|x64.Build.0 = Release|x64
		{F164056C-78A3-470B-AD09-F4397B84228C}.Release|x64.Deploy.0 = Release|x64
		{14F82516-0090-4DB8-8656-0651CE7CCF39}.Debug|Any CPU.ActiveCfg = Debug|Any CPU
		{14F82516-0090-4DB8-8656-0651CE7CCF39}.Debug|Any CPU.Build.0 = Debug|Any CPU
		{14F82516-0090-4DB8-8656-0651CE7CCF39}.Debug|x64.ActiveCfg = Debug|Any CPU
		{14F82516-0090-4DB8-8656-0651CE7CCF39}.Debug|x64.Build.0 = Debug|Any CPU
		{14F82516-0090-4DB8-8656-0651CE7CCF39}.Release|Any CPU.ActiveCfg = Release|Any CPU
		{14F82516-0090-4DB8-8656-0651CE7CCF39}.Release|Any CPU.Build.0 = Release|Any CPU
		{14F82516-0090-4DB8-8656-0651CE7CCF39}.Release|x64.ActiveCfg = Release|Any CPU
		{14F82516-0090-4DB8-8656-0651CE7CCF39}.Release|x64.Build.0 = Release|Any CPU
		{5A28D862-1D2D-4C65-AA46-96D81004383F}.Debug|Any CPU.ActiveCfg = Debug|Any CPU
		{5A28D862-1D2D-4C65-AA46-96D81004383F}.Debug|Any CPU.Build.0 = Debug|Any CPU
		{5A28D862-1D2D-4C65-AA46-96D81004383F}.Debug|x64.ActiveCfg = Debug|Any CPU
		{5A28D862-1D2D-4C65-AA46-96D81004383F}.Debug|x64.Build.0 = Debug|Any CPU
		{5A28D862-1D2D-4C65-AA46-96D81004383F}.Release|Any CPU.ActiveCfg = Release|Any CPU
		{5A28D862-1D2D-4C65-AA46-96D81004383F}.Release|Any CPU.Build.0 = Release|Any CPU
		{5A28D862-1D2D-4C65-AA46-96D81004383F}.Release|x64.ActiveCfg = Release|Any CPU
		{5A28D862-1D2D-4C65-AA46-96D81004383F}.Release|x64.Build.0 = Release|Any CPU
	EndGlobalSection
	GlobalSection(SolutionProperties) = preSolution
		HideSolutionNode = FALSE
	EndGlobalSection
EndGlobal
